
Microsoft Visual Studio Solution File, Format Version 12.00
# Visual Studio Version 17
VisualStudioVersion = 17.9.34728.123
MinimumVisualStudioVersion = 10.0.40219.1
Project("{8BC9CEB8-8B4A-11D0-8D11-00A0C91BC942}") = "MainPricer", "MainPricer\MainPricer.vcxproj", "{328DEE17-D767-4F1D-A5ED-6AA8C86F190D}"
EndProject
Project("{8BC9CEB8-8B4A-11D0-8D11-00A0C91BC942}") = "RandomGenerators", "RandomGenerators\RandomGenerators.vcxproj", "{0D987189-B973-4018-8132-BDDD0B6911E7}"
EndProject
Project("{8BC9CEB8-8B4A-11D0-8D11-00A0C91BC942}") = "SDE", "SDE\SDE.vcxproj", "{6E3FBB71-E16D-478A-8CAA-45B0CAEA409A}"
EndProject
Project("{8BC9CEB8-8B4A-11D0-8D11-00A0C91BC942}") = "Options", "Options\Options.vcxproj", "{5390793E-2A7A-4C23-A2BB-230857625360}"
EndProject
Global
	GlobalSection(SolutionConfigurationPlatforms) = preSolution
		Debug|x64 = Debug|x64
		Debug|x86 = Debug|x86
		Release|x64 = Release|x64
		Release|x86 = Release|x86
	EndGlobalSection
	GlobalSection(ProjectConfigurationPlatforms) = postSolution
		{328DEE17-D767-4F1D-A5ED-6AA8C86F190D}.Debug|x64.ActiveCfg = Debug|x64
		{328DEE17-D767-4F1D-A5ED-6AA8C86F190D}.Debug|x64.Build.0 = Debug|x64
		{328DEE17-D767-4F1D-A5ED-6AA8C86F190D}.Debug|x86.ActiveCfg = Debug|Win32
		{328DEE17-D767-4F1D-A5ED-6AA8C86F190D}.Debug|x86.Build.0 = Debug|Win32
		{328DEE17-D767-4F1D-A5ED-6AA8C86F190D}.Release|x64.ActiveCfg = Release|x64
		{328DEE17-D767-4F1D-A5ED-6AA8C86F190D}.Release|x64.Build.0 = Release|x64
		{328DEE17-D767-4F1D-A5ED-6AA8C86F190D}.Release|x86.ActiveCfg = Release|Win32
		{328DEE17-D767-4F1D-A5ED-6AA8C86F190D}.Release|x86.Build.0 = Release|Win32
		{0D987189-B973-4018-8132-BDDD0B6911E7}.Debug|x64.ActiveCfg = Debug|x64
		{0D987189-B973-4018-8132-BDDD0B6911E7}.Debug|x64.Build.0 = Debug|x64
		{0D987189-B973-4018-8132-BDDD0B6911E7}.Debug|x86.ActiveCfg = Debug|Win32
		{0D987189-B973-4018-8132-BDDD0B6911E7}.Debug|x86.Build.0 = Debug|Win32
		{0D987189-B973-4018-8132-BDDD0B6911E7}.Release|x64.ActiveCfg = Release|x64
		{0D987189-B973-4018-8132-BDDD0B6911E7}.Release|x64.Build.0 = Release|x64
		{0D987189-B973-4018-8132-BDDD0B6911E7}.Release|x86.ActiveCfg = Release|Win32
		{0D987189-B973-4018-8132-BDDD0B6911E7}.Release|x86.Build.0 = Release|Win32
		{6E3FBB71-E16D-478A-8CAA-45B0CAEA409A}.Debug|x64.ActiveCfg = Debug|x64
		{6E3FBB71-E16D-478A-8CAA-45B0CAEA409A}.Debug|x64.Build.0 = Debug|x64
		{6E3FBB71-E16D-478A-8CAA-45B0CAEA409A}.Debug|x86.ActiveCfg = Debug|Win32
		{6E3FBB71-E16D-478A-8CAA-45B0CAEA409A}.Debug|x86.Build.0 = Debug|Win32
		{6E3FBB71-E16D-478A-8CAA-45B0CAEA409A}.Release|x64.ActiveCfg = Release|x64
		{6E3FBB71-E16D-478A-8CAA-45B0CAEA409A}.Release|x64.Build.0 = Release|x64
		{6E3FBB71-E16D-478A-8CAA-45B0CAEA409A}.Release|x86.ActiveCfg = Release|Win32
		{6E3FBB71-E16D-478A-8CAA-45B0CAEA409A}.Release|x86.Build.0 = Release|Win32
		{5390793E-2A7A-4C23-A2BB-230857625360}.Debug|x64.ActiveCfg = Debug|x64
		{5390793E-2A7A-4C23-A2BB-230857625360}.Debug|x64.Build.0 = Debug|x64
		{5390793E-2A7A-4C23-A2BB-230857625360}.Debug|x86.ActiveCfg = Debug|Win32
		{5390793E-2A7A-4C23-A2BB-230857625360}.Debug|x86.Build.0 = Debug|Win32
		{5390793E-2A7A-4C23-A2BB-230857625360}.Release|x64.ActiveCfg = Release|x64
		{5390793E-2A7A-4C23-A2BB-230857625360}.Release|x64.Build.0 = Release|x64
		{5390793E-2A7A-4C23-A2BB-230857625360}.Release|x86.ActiveCfg = Release|Win32
		{5390793E-2A7A-4C23-A2BB-230857625360}.Release|x86.Build.0 = Release|Win32
	EndGlobalSection
	GlobalSection(SolutionProperties) = preSolution
		HideSolutionNode = FALSE
	EndGlobalSection
	GlobalSection(ExtensibilityGlobals) = postSolution
		SolutionGuid = {31CF05BC-9016-4575-8F96-D0F7B6DC3719}
	EndGlobalSection
EndGlobal
